
Microsoft Visual Studio Solution File, Format Version 12.00
# Visual Studio Version 17
VisualStudioVersion = 17.7.34031.279
MinimumVisualStudioVersion = 10.0.40219.1
Project("{FAE04EC0-301F-11D3-BF4B-00C04F79EFBC}") = "A2", "A2.csproj", "{54E6F76D-F127-4861-A8F9-3BAE0580D388}"
EndProject
Global
	GlobalSection(SolutionConfigurationPlatforms) = preSolution
		Debug|Any CPU = Debug|Any CPU
		Release|Any CPU = Release|Any CPU
	EndGlobalSection
	GlobalSection(ProjectConfigurationPlatforms) = postSolution
		{54E6F76D-F127-4861-A8F9-3BAE0580D388}.Debug|Any CPU.ActiveCfg = Debug|Any CPU
		{54E6F76D-F127-4861-A8F9-3BAE0580D388}.Debug|Any CPU.Build.0 = Debug|Any CPU
		{54E6F76D-F127-4861-A8F9-3BAE0580D388}.Release|Any CPU.ActiveCfg = Release|Any CPU
		{54E6F76D-F127-4861-A8F9-3BAE0580D388}.Release|Any CPU.Build.0 = Release|Any CPU
	EndGlobalSection
	GlobalSection(SolutionProperties) = preSolution
		HideSolutionNode = FALSE
	EndGlobalSection
	GlobalSection(ExtensibilityGlobals) = postSolution
		SolutionGuid = {CDB97AD3-4361-40E7-B362-B8BE57168D3E}
	EndGlobalSection
EndGlobal
